
Microsoft Visual Studio Solution File, Format Version 12.00
# Visual Studio Version 17
VisualStudioVersion = 17.12.35707.178
MinimumVisualStudioVersion = 10.0.40219.1
Project("{FAE04EC0-301F-11D3-BF4B-00C04F79EFBC}") = "Client_2", "Client_2\Client_2.csproj", "{63053F6E-2933-41E8-84B6-8793DB24F124}"
EndProject
Project("{FAE04EC0-301F-11D3-BF4B-00C04F79EFBC}") = "WpfTcpChatClient", "WpfTcpChatClient\WpfTcpChatClient.csproj", "{C12C66D6-8A14-4D3D-9AB6-CED0E7820E67}"
EndProject
Global
	GlobalSection(SolutionConfigurationPlatforms) = preSolution
		Debug|Any CPU = Debug|Any CPU
		Release|Any CPU = Release|Any CPU
	EndGlobalSection
	GlobalSection(ProjectConfigurationPlatforms) = postSolution
		{63053F6E-2933-41E8-84B6-8793DB24F124}.Debug|Any CPU.ActiveCfg = Debug|Any CPU
		{63053F6E-2933-41E8-84B6-8793DB24F124}.Debug|Any CPU.Build.0 = Debug|Any CPU
		{63053F6E-2933-41E8-84B6-8793DB24F124}.Release|Any CPU.ActiveCfg = Release|Any CPU
		{63053F6E-2933-41E8-84B6-8793DB24F124}.Release|Any CPU.Build.0 = Release|Any CPU
		{C12C66D6-8A14-4D3D-9AB6-CED0E7820E67}.Debug|Any CPU.ActiveCfg = Debug|Any CPU
		{C12C66D6-8A14-4D3D-9AB6-CED0E7820E67}.Debug|Any CPU.Build.0 = Debug|Any CPU
		{C12C66D6-8A14-4D3D-9AB6-CED0E7820E67}.Release|Any CPU.ActiveCfg = Release|Any CPU
		{C12C66D6-8A14-4D3D-9AB6-CED0E7820E67}.Release|Any CPU.Build.0 = Release|Any CPU
	EndGlobalSection
	GlobalSection(SolutionProperties) = preSolution
		HideSolutionNode = FALSE
	EndGlobalSection
EndGlobal
