
Microsoft Visual Studio Solution File, Format Version 12.00
# Visual Studio Version 17
VisualStudioVersion = 17.8.34316.72
MinimumVisualStudioVersion = 10.0.40219.1
Project("{FAE04EC0-301F-11D3-BF4B-00C04F79EFBC}") = "Module2_ASP_NET_MVC_EF_CodeFirst", "Module2_ASP_NET_MVC_EF_CodeFirst\Module2_ASP_NET_MVC_EF_CodeFirst.csproj", "{B10EEBF9-AD72-4824-B1CD-D3624FE99B48}"
EndProject
Global
	GlobalSection(SolutionConfigurationPlatforms) = preSolution
		Debug|Any CPU = Debug|Any CPU
		Release|Any CPU = Release|Any CPU
	EndGlobalSection
	GlobalSection(ProjectConfigurationPlatforms) = postSolution
		{B10EEBF9-AD72-4824-B1CD-D3624FE99B48}.Debug|Any CPU.ActiveCfg = Debug|Any CPU
		{B10EEBF9-AD72-4824-B1CD-D3624FE99B48}.Debug|Any CPU.Build.0 = Debug|Any CPU
		{B10EEBF9-AD72-4824-B1CD-D3624FE99B48}.Release|Any CPU.ActiveCfg = Release|Any CPU
		{B10EEBF9-AD72-4824-B1CD-D3624FE99B48}.Release|Any CPU.Build.0 = Release|Any CPU
	EndGlobalSection
	GlobalSection(SolutionProperties) = preSolution
		HideSolutionNode = FALSE
	EndGlobalSection
	GlobalSection(ExtensibilityGlobals) = postSolution
		SolutionGuid = {3024278F-4528-4C85-9064-757210DFC4C3}
	EndGlobalSection
EndGlobal
