
Microsoft Visual Studio Solution File, Format Version 12.00
# Visual Studio Version 17
VisualStudioVersion = 17.12.35707.178 d17.12
MinimumVisualStudioVersion = 10.0.40219.1
Project("{FAE04EC0-301F-11D3-BF4B-00C04F79EFBC}") = "Model2_ASPNET_Empty_Core", "Model2_ASPNET_Empty_Core\Model2_ASPNET_Empty_Core.csproj", "{95AB2538-EA0A-41DB-8253-814C457C0A6B}"
EndProject
Global
	GlobalSection(SolutionConfigurationPlatforms) = preSolution
		Debug|Any CPU = Debug|Any CPU
		Release|Any CPU = Release|Any CPU
	EndGlobalSection
	GlobalSection(ProjectConfigurationPlatforms) = postSolution
		{95AB2538-EA0A-41DB-8253-814C457C0A6B}.Debug|Any CPU.ActiveCfg = Debug|Any CPU
		{95AB2538-EA0A-41DB-8253-814C457C0A6B}.Debug|Any CPU.Build.0 = Debug|Any CPU
		{95AB2538-EA0A-41DB-8253-814C457C0A6B}.Release|Any CPU.ActiveCfg = Release|Any CPU
		{95AB2538-EA0A-41DB-8253-814C457C0A6B}.Release|Any CPU.Build.0 = Release|Any CPU
	EndGlobalSection
	GlobalSection(SolutionProperties) = preSolution
		HideSolutionNode = FALSE
	EndGlobalSection
EndGlobal
